
Microsoft Visual Studio Solution File, Format Version 12.00
# Visual Studio Version 16
VisualStudioVersion = 16.0.33927.289
MinimumVisualStudioVersion = 10.0.40219.1
Project("{FAE04EC0-301F-11D3-BF4B-00C04F79EFBC}") = "WindowsFormsMyAppFirst", "WindowsFormsMyAppFirst\WindowsFormsMyAppFirst.csproj", "{96E0EB9B-11B8-4788-B909-306D18FAFA17}"
EndProject
Global
	GlobalSection(SolutionConfigurationPlatforms) = preSolution
		Debug|Any CPU = Debug|Any CPU
		Release|Any CPU = Release|Any CPU
	EndGlobalSection
	GlobalSection(ProjectConfigurationPlatforms) = postSolution
		{96E0EB9B-11B8-4788-B909-306D18FAFA17}.Debug|Any CPU.ActiveCfg = Debug|Any CPU
		{96E0EB9B-11B8-4788-B909-306D18FAFA17}.Debug|Any CPU.Build.0 = Debug|Any CPU
		{96E0EB9B-11B8-4788-B909-306D18FAFA17}.Release|Any CPU.ActiveCfg = Release|Any CPU
		{96E0EB9B-11B8-4788-B909-306D18FAFA17}.Release|Any CPU.Build.0 = Release|Any CPU
	EndGlobalSection
	GlobalSection(SolutionProperties) = preSolution
		HideSolutionNode = FALSE
	EndGlobalSection
	GlobalSection(ExtensibilityGlobals) = postSolution
		SolutionGuid = {EEF082FF-FEB2-4980-9129-ED30BFA03D12}
	EndGlobalSection
EndGlobal
